
Microsoft Visual Studio Solution File, Format Version 12.00
# Visual Studio Version 16
VisualStudioVersion = 16.0.31402.337
MinimumVisualStudioVersion = 10.0.40219.1
Project("{FAE04EC0-301F-11D3-BF4B-00C04F79EFBC}") = "Unosquare.API", "Unosquare.API\Unosquare.API.csproj", "{C14E45E8-4A07-4CB2-A3BD-AD3F423331DF}"
EndProject
Project("{FAE04EC0-301F-11D3-BF4B-00C04F79EFBC}") = "Unosquare.Data", "Unosquare.Data\Unosquare.Data.csproj", "{4F8D655B-CD73-43A0-9B74-72050B8B6AD6}"
EndProject
Project("{FAE04EC0-301F-11D3-BF4B-00C04F79EFBC}") = "Unosquare.DTOs", "Unosquare.DTOs\Unosquare.DTOs.csproj", "{3E3A58C0-D6D1-4A0A-9CF5-37CC3BF0767F}"
EndProject
Project("{FAE04EC0-301F-11D3-BF4B-00C04F79EFBC}") = "Unosquare.Services", "Unosquare.Services\Unosquare.Services.csproj", "{54B0B911-1FAA-4CED-968B-99B415F3EF95}"
EndProject
Project("{FAE04EC0-301F-11D3-BF4B-00C04F79EFBC}") = "Unosquare.Test", "Unosquare.Test\Unosquare.Test.csproj", "{1D1CF44F-4916-464B-BFA6-188CD60EE639}"
EndProject
Global
	GlobalSection(SolutionConfigurationPlatforms) = preSolution
		Debug|Any CPU = Debug|Any CPU
		Release|Any CPU = Release|Any CPU
	EndGlobalSection
	GlobalSection(ProjectConfigurationPlatforms) = postSolution
		{C14E45E8-4A07-4CB2-A3BD-AD3F423331DF}.Debug|Any CPU.ActiveCfg = Debug|Any CPU
		{C14E45E8-4A07-4CB2-A3BD-AD3F423331DF}.Debug|Any CPU.Build.0 = Debug|Any CPU
		{C14E45E8-4A07-4CB2-A3BD-AD3F423331DF}.Release|Any CPU.ActiveCfg = Release|Any CPU
		{C14E45E8-4A07-4CB2-A3BD-AD3F423331DF}.Release|Any CPU.Build.0 = Release|Any CPU
		{4F8D655B-CD73-43A0-9B74-72050B8B6AD6}.Debug|Any CPU.ActiveCfg = Debug|Any CPU
		{4F8D655B-CD73-43A0-9B74-72050B8B6AD6}.Debug|Any CPU.Build.0 = Debug|Any CPU
		{4F8D655B-CD73-43A0-9B74-72050B8B6AD6}.Release|Any CPU.ActiveCfg = Release|Any CPU
		{4F8D655B-CD73-43A0-9B74-72050B8B6AD6}.Release|Any CPU.Build.0 = Release|Any CPU
		{3E3A58C0-D6D1-4A0A-9CF5-37CC3BF0767F}.Debug|Any CPU.ActiveCfg = Debug|Any CPU
		{3E3A58C0-D6D1-4A0A-9CF5-37CC3BF0767F}.Debug|Any CPU.Build.0 = Debug|Any CPU
		{3E3A58C0-D6D1-4A0A-9CF5-37CC3BF0767F}.Release|Any CPU.ActiveCfg = Release|Any CPU
		{3E3A58C0-D6D1-4A0A-9CF5-37CC3BF0767F}.Release|Any CPU.Build.0 = Release|Any CPU
		{54B0B911-1FAA-4CED-968B-99B415F3EF95}.Debug|Any CPU.ActiveCfg = Debug|Any CPU
		{54B0B911-1FAA-4CED-968B-99B415F3EF95}.Debug|Any CPU.Build.0 = Debug|Any CPU
		{54B0B911-1FAA-4CED-968B-99B415F3EF95}.Release|Any CPU.ActiveCfg = Release|Any CPU
		{54B0B911-1FAA-4CED-968B-99B415F3EF95}.Release|Any CPU.Build.0 = Release|Any CPU
		{1D1CF44F-4916-464B-BFA6-188CD60EE639}.Debug|Any CPU.ActiveCfg = Debug|Any CPU
		{1D1CF44F-4916-464B-BFA6-188CD60EE639}.Debug|Any CPU.Build.0 = Debug|Any CPU
		{1D1CF44F-4916-464B-BFA6-188CD60EE639}.Release|Any CPU.ActiveCfg = Release|Any CPU
		{1D1CF44F-4916-464B-BFA6-188CD60EE639}.Release|Any CPU.Build.0 = Release|Any CPU
	EndGlobalSection
	GlobalSection(SolutionProperties) = preSolution
		HideSolutionNode = FALSE
	EndGlobalSection
	GlobalSection(ExtensibilityGlobals) = postSolution
		SolutionGuid = {CA68D48E-1449-4239-BBDC-AFA8183788CA}
	EndGlobalSection
EndGlobal
